
Microsoft Visual Studio Solution File, Format Version 12.00
# Visual Studio Version 16
VisualStudioVersion = 16.0.30225.117
MinimumVisualStudioVersion = 10.0.40219.1
Project("{FAE04EC0-301F-11D3-BF4B-00C04F79EFBC}") = "KarcicegiYayinVeDagitim", "KarcicegiYayinVeDagitim\KarcicegiYayinVeDagitim.csproj", "{47ECD6B7-6356-4934-A49E-DC6B0F4C7D10}"
EndProject
Global
	GlobalSection(SolutionConfigurationPlatforms) = preSolution
		Debug|Any CPU = Debug|Any CPU
		Release|Any CPU = Release|Any CPU
	EndGlobalSection
	GlobalSection(ProjectConfigurationPlatforms) = postSolution
		{47ECD6B7-6356-4934-A49E-DC6B0F4C7D10}.Debug|Any CPU.ActiveCfg = Debug|Any CPU
		{47ECD6B7-6356-4934-A49E-DC6B0F4C7D10}.Debug|Any CPU.Build.0 = Debug|Any CPU
		{47ECD6B7-6356-4934-A49E-DC6B0F4C7D10}.Release|Any CPU.ActiveCfg = Release|Any CPU
		{47ECD6B7-6356-4934-A49E-DC6B0F4C7D10}.Release|Any CPU.Build.0 = Release|Any CPU
	EndGlobalSection
	GlobalSection(SolutionProperties) = preSolution
		HideSolutionNode = FALSE
	EndGlobalSection
	GlobalSection(ExtensibilityGlobals) = postSolution
		SolutionGuid = {04B402FF-D204-4BB8-BBD4-BDDCA989746C}
	EndGlobalSection
EndGlobal
